{
    "_readme": [
        "This file locks the dependencies of your project to a known state",
        "Read more about it at https://getcomposer.org/doc/01-basic-usage.md#installing-dependencies",
        "This file is @generated automatically"
    ],
    "content-hash": "a6318a3b8d1d5ec7647348788dfc7553",
    "packages": [
        {
            "name": "components/jquery",
            "version": "3.6.0",
            "source": {
                "type": "git",
                "url": "https://github.com/components/jquery.git",
                "reference": "6cf38ee1fd04b6adf8e7dda161283aa35be818c3"
            },
            "dist": {
                "type": "zip",
                "url": "https://api.github.com/repos/components/jquery/zipball/6cf38ee1fd04b6adf8e7dda161283aa35be818c3",
                "reference": "6cf38ee1fd04b6adf8e7dda161283aa35be818c3",
                "shasum": ""
            },
            "type": "component",
            "extra": {
                "component": {
                    "scripts": [
                        "jquery.js"
                    ],
                    "files": [
                        "jquery.min.js",
                        "jquery.min.map",
                        "jquery.slim.js",
                        "jquery.slim.min.js",
                        "jquery.slim.min.map"
                    ]
                }
            },
            "notification-url": "https://packagist.org/downloads/",
            "license": [
                "MIT"
            ],
            "authors": [
                {
                    "name": "JS Foundation and other contributors"
                }
            ],
            "description": "jQuery JavaScript Library",
            "homepage": "http://jquery.com",
            "support": {
                "forum": "http://forum.jquery.com",
                "irc": "irc://irc.freenode.org/jquery",
                "issues": "https://github.com/jquery/jquery/issues",
                "source": "https://github.com/jquery/jquery",
                "wiki": "http://docs.jquery.com/"
            },
            "time": "2021-03-20T19:13:42+00:00"
        },
        {
            "name": "laswitchtech/php-csrf",
            "version": "v1.0.4",
            "source": {
                "type": "git",
                "url": "https://github.com/LouisOuellet/php-csrf.git",
                "reference": "a8388c44371974c9c54b605c817a9672db333128"
            },
            "dist": {
                "type": "zip",
                "url": "https://api.github.com/repos/LouisOuellet/php-csrf/zipball/a8388c44371974c9c54b605c817a9672db333128",
                "reference": "a8388c44371974c9c54b605c817a9672db333128",
                "shasum": ""
            },
            "type": "library",
            "autoload": {
                "psr-4": {
                    "LaswitchTech\\phpCSRF\\": "src/"
                }
            },
            "notification-url": "https://packagist.org/downloads/",
            "license": [
                "GPL-3.0-only"
            ],
            "authors": [
                {
                    "name": "Louis Ouellet",
                    "email": "louis_ouellet@hotmail.com"
                }
            ],
            "description": "CSRF Protection Library for PHP Applications",
            "support": {
                "issues": "https://github.com/LouisOuellet/php-csrf/issues",
                "source": "https://github.com/LouisOuellet/php-csrf/tree/v1.0.4"
            },
            "time": "2022-12-29T19:01:30+00:00"
        },
        {
            "name": "laswitchtech/php-database",
            "version": "v2.1.12",
            "source": {
                "type": "git",
                "url": "https://github.com/LouisOuellet/php-database.git",
                "reference": "695b78418144c2509d08087c599ef9ddd4ad5f77"
            },
            "dist": {
                "type": "zip",
                "url": "https://api.github.com/repos/LouisOuellet/php-database/zipball/695b78418144c2509d08087c599ef9ddd4ad5f77",
                "reference": "695b78418144c2509d08087c599ef9ddd4ad5f77",
                "shasum": ""
            },
            "require": {
                "php": "*"
            },
            "type": "library",
            "autoload": {
                "psr-4": {
                    "LaswitchTech\\phpDB\\": "src/"
                }
            },
            "notification-url": "https://packagist.org/downloads/",
            "license": [
                "GPL-3.0-only"
            ],
            "authors": [
                {
                    "name": "Louis Ouellet",
                    "email": "louis_ouellet@hotmail.com"
                }
            ],
            "description": "Database Class for PHP",
            "support": {
                "issues": "https://github.com/LouisOuellet/php-database/issues",
                "source": "https://github.com/LouisOuellet/php-database/tree/v2.1.12"
            },
            "time": "2023-01-12T17:41:04+00:00"
        },
        {
            "name": "laswitchtech/php-imap",
            "version": "v1.0.4",
            "source": {
                "type": "git",
                "url": "https://github.com/LouisOuellet/php-imap.git",
                "reference": "a5da2f4a94c03bb0f35c2f9e21926637808d812c"
            },
            "dist": {
                "type": "zip",
                "url": "https://api.github.com/repos/LouisOuellet/php-imap/zipball/a5da2f4a94c03bb0f35c2f9e21926637808d812c",
                "reference": "a5da2f4a94c03bb0f35c2f9e21926637808d812c",
                "shasum": ""
            },
            "require": {
                "php": ">=5.5.0"
            },
            "type": "library",
            "autoload": {
                "psr-4": {
                    "LaswitchTech\\IMAP\\": "src/"
                }
            },
            "notification-url": "https://packagist.org/downloads/",
            "license": [
                "GPL-3.0-only"
            ],
            "authors": [
                {
                    "name": "Louis Ouellet",
                    "email": "louis_ouellet@hotmail.com"
                }
            ],
            "description": "phpIMAP is a full-featured mailbox management class for PHP",
            "support": {
                "issues": "https://github.com/LouisOuellet/php-imap/issues",
                "source": "https://github.com/LouisOuellet/php-imap/tree/v1.0.4"
            },
            "time": "2023-01-05T17:19:05+00:00"
        },
        {
            "name": "laswitchtech/php-smtp",
            "version": "v1.0.14",
            "source": {
                "type": "git",
                "url": "https://github.com/LouisOuellet/php-smtp.git",
                "reference": "65bc5eef26a84545d42910bb02fdc96d01343fd3"
            },
            "dist": {
                "type": "zip",
                "url": "https://api.github.com/repos/LouisOuellet/php-smtp/zipball/65bc5eef26a84545d42910bb02fdc96d01343fd3",
                "reference": "65bc5eef26a84545d42910bb02fdc96d01343fd3",
                "shasum": ""
            },
            "require": {
                "ext-ctype": "*",
                "ext-filter": "*",
                "ext-hash": "*",
                "php": "*",
                "phpmailer/phpmailer": "^6.7"
            },
            "suggest": {
                "ext-mbstring": "Needed to send email in multibyte encoding charset or decode encoded addresses",
                "hayageek/oauth2-yahoo": "Needed for Yahoo XOAUTH2 authentication",
                "league/oauth2-google": "Needed for Google XOAUTH2 authentication",
                "psr/log": "For optional PSR-3 debug logging",
                "symfony/polyfill-mbstring": "To support UTF-8 if the Mbstring PHP extension is not enabled (^1.2)",
                "thenetworg/oauth2-azure": "Needed for Microsoft XOAUTH2 authentication"
            },
            "type": "library",
            "autoload": {
                "psr-4": {
                    "LaswitchTech\\SMTP\\": "src/"
                }
            },
            "notification-url": "https://packagist.org/downloads/",
            "license": [
                "GPL-3.0-only"
            ],
            "authors": [
                {
                    "name": "Louis Ouellet",
                    "email": "louis_ouellet@hotmail.com"
                }
            ],
            "description": "PHP Class extending features of PHPMailer",
            "support": {
                "issues": "https://github.com/LouisOuellet/php-smtp/issues",
                "source": "https://github.com/LouisOuellet/php-smtp/tree/v1.0.14"
            },
            "time": "2023-01-12T17:40:52+00:00"
        },
        {
            "name": "phpmailer/phpmailer",
            "version": "v6.7.1",
            "source": {
                "type": "git",
                "url": "https://github.com/PHPMailer/PHPMailer.git",
                "reference": "49cd7ea3d2563f028d7811f06864a53b1f15ff55"
            },
            "dist": {
                "type": "zip",
                "url": "https://api.github.com/repos/PHPMailer/PHPMailer/zipball/49cd7ea3d2563f028d7811f06864a53b1f15ff55",
                "reference": "49cd7ea3d2563f028d7811f06864a53b1f15ff55",
                "shasum": ""
            },
            "require": {
                "ext-ctype": "*",
                "ext-filter": "*",
                "ext-hash": "*",
                "php": ">=5.5.0"
            },
            "require-dev": {
                "dealerdirect/phpcodesniffer-composer-installer": "^0.7.2",
                "doctrine/annotations": "^1.2.6 || ^1.13.3",
                "php-parallel-lint/php-console-highlighter": "^1.0.0",
                "php-parallel-lint/php-parallel-lint": "^1.3.2",
                "phpcompatibility/php-compatibility": "^9.3.5",
                "roave/security-advisories": "dev-latest",
                "squizlabs/php_codesniffer": "^3.7.1",
                "yoast/phpunit-polyfills": "^1.0.4"
            },
            "suggest": {
                "ext-mbstring": "Needed to send email in multibyte encoding charset or decode encoded addresses",
                "ext-openssl": "Needed for secure SMTP sending and DKIM signing",
                "greew/oauth2-azure-provider": "Needed for Microsoft Azure XOAUTH2 authentication",
                "hayageek/oauth2-yahoo": "Needed for Yahoo XOAUTH2 authentication",
                "league/oauth2-google": "Needed for Google XOAUTH2 authentication",
                "psr/log": "For optional PSR-3 debug logging",
                "symfony/polyfill-mbstring": "To support UTF-8 if the Mbstring PHP extension is not enabled (^1.2)",
                "thenetworg/oauth2-azure": "Needed for Microsoft XOAUTH2 authentication"
            },
            "type": "library",
            "autoload": {
                "psr-4": {
                    "PHPMailer\\PHPMailer\\": "src/"
                }
            },
            "notification-url": "https://packagist.org/downloads/",
            "license": [
                "LGPL-2.1-only"
            ],
            "authors": [
                {
                    "name": "Marcus Bointon",
                    "email": "phpmailer@synchromedia.co.uk"
                },
                {
                    "name": "Jim Jagielski",
                    "email": "jimjag@gmail.com"
                },
                {
                    "name": "Andy Prevost",
                    "email": "codeworxtech@users.sourceforge.net"
                },
                {
                    "name": "Brent R. Matzelle"
                }
            ],
            "description": "PHPMailer is a full-featured email creation and transfer class for PHP",
            "support": {
                "issues": "https://github.com/PHPMailer/PHPMailer/issues",
                "source": "https://github.com/PHPMailer/PHPMailer/tree/v6.7.1"
            },
            "funding": [
                {
                    "url": "https://github.com/Synchro",
                    "type": "github"
                }
            ],
            "time": "2022-12-08T13:30:06+00:00"
        }
    ],
    "packages-dev": [],
    "aliases": [],
    "minimum-stability": "stable",
    "stability-flags": [],
    "prefer-stable": false,
    "prefer-lowest": false,
    "platform": {
        "php": "*"
    },
    "platform-dev": [],
    "plugin-api-version": "2.3.0"
}
