{
    "_readme": [
        "This file locks the dependencies of your project to a known state",
        "Read more about it at https://getcomposer.org/doc/01-basic-usage.md#installing-dependencies",
        "This file is @generated automatically"
    ],
    "content-hash": "e182cb2acd683f412ce5da7bc2573706",
    "packages": [
        {
            "name": "components/jquery",
            "version": "3.6.0",
            "source": {
                "type": "git",
                "url": "https://github.com/components/jquery.git",
                "reference": "6cf38ee1fd04b6adf8e7dda161283aa35be818c3"
            },
            "dist": {
                "type": "zip",
                "url": "https://api.github.com/repos/components/jquery/zipball/6cf38ee1fd04b6adf8e7dda161283aa35be818c3",
                "reference": "6cf38ee1fd04b6adf8e7dda161283aa35be818c3",
                "shasum": ""
            },
            "type": "component",
            "extra": {
                "component": {
                    "scripts": [
                        "jquery.js"
                    ],
                    "files": [
                        "jquery.min.js",
                        "jquery.min.map",
                        "jquery.slim.js",
                        "jquery.slim.min.js",
                        "jquery.slim.min.map"
                    ]
                }
            },
            "notification-url": "https://packagist.org/downloads/",
            "license": [
                "MIT"
            ],
            "authors": [
                {
                    "name": "JS Foundation and other contributors"
                }
            ],
            "description": "jQuery JavaScript Library",
            "homepage": "http://jquery.com",
            "support": {
                "forum": "http://forum.jquery.com",
                "irc": "irc://irc.freenode.org/jquery",
                "issues": "https://github.com/jquery/jquery/issues",
                "source": "https://github.com/jquery/jquery",
                "wiki": "http://docs.jquery.com/"
            },
            "time": "2021-03-20T19:13:42+00:00"
        },
        {
            "name": "laswitchtech/php-configurator",
            "version": "v1.0.2",
            "source": {
                "type": "git",
                "url": "https://github.com/LouisOuellet/php-configurator.git",
                "reference": "d8be4b6af351049584005adafa2c6dacb8548731"
            },
            "dist": {
                "type": "zip",
                "url": "https://api.github.com/repos/LouisOuellet/php-configurator/zipball/d8be4b6af351049584005adafa2c6dacb8548731",
                "reference": "d8be4b6af351049584005adafa2c6dacb8548731",
                "shasum": ""
            },
            "type": "library",
            "autoload": {
                "psr-4": {
                    "LaswitchTech\\phpConfigurator\\": "src/"
                }
            },
            "notification-url": "https://packagist.org/downloads/",
            "license": [
                "GPL-3.0-only"
            ],
            "authors": [
                {
                    "name": "Louis Ouellet",
                    "email": "louis_ouellet@hotmail.com"
                }
            ],
            "description": "Configurator Library for PHP Applications",
            "support": {
                "issues": "https://github.com/LouisOuellet/php-configurator/issues",
                "source": "https://github.com/LouisOuellet/php-configurator/tree/v1.0.2"
            },
            "time": "2023-04-11T16:26:43+00:00"
        },
        {
            "name": "laswitchtech/php-csrf",
            "version": "v1.1.3",
            "source": {
                "type": "git",
                "url": "https://github.com/LouisOuellet/php-csrf.git",
                "reference": "f7814cfb81ed8e99435efb0446512a169ff1976c"
            },
            "dist": {
                "type": "zip",
                "url": "https://api.github.com/repos/LouisOuellet/php-csrf/zipball/f7814cfb81ed8e99435efb0446512a169ff1976c",
                "reference": "f7814cfb81ed8e99435efb0446512a169ff1976c",
                "shasum": ""
            },
            "require": {
                "laswitchtech/php-configurator": "^1.0",
                "laswitchtech/php-logger": "^1.0"
            },
            "type": "library",
            "autoload": {
                "psr-4": {
                    "LaswitchTech\\phpCSRF\\": "src/"
                }
            },
            "notification-url": "https://packagist.org/downloads/",
            "license": [
                "GPL-3.0-only"
            ],
            "authors": [
                {
                    "name": "Louis Ouellet",
                    "email": "louis_ouellet@hotmail.com"
                }
            ],
            "description": "CSRF Protection Library for PHP Applications",
            "support": {
                "issues": "https://github.com/LouisOuellet/php-csrf/issues",
                "source": "https://github.com/LouisOuellet/php-csrf/tree/v1.1.3"
            },
            "time": "2023-04-11T16:29:54+00:00"
        },
        {
            "name": "laswitchtech/php-database",
            "version": "v2.3.4",
            "source": {
                "type": "git",
                "url": "https://github.com/LouisOuellet/php-database.git",
                "reference": "9e7f060a06932f90aaed5b932f627b454d0b24e2"
            },
            "dist": {
                "type": "zip",
                "url": "https://api.github.com/repos/LouisOuellet/php-database/zipball/9e7f060a06932f90aaed5b932f627b454d0b24e2",
                "reference": "9e7f060a06932f90aaed5b932f627b454d0b24e2",
                "shasum": ""
            },
            "require": {
                "laswitchtech/php-configurator": "^1.0",
                "laswitchtech/php-logger": "^1.0",
                "laswitchtech/php-net": "^1.0",
                "php": "*"
            },
            "type": "library",
            "autoload": {
                "psr-4": {
                    "LaswitchTech\\phpDB\\": "src/"
                }
            },
            "notification-url": "https://packagist.org/downloads/",
            "license": [
                "GPL-3.0-only"
            ],
            "authors": [
                {
                    "name": "Louis Ouellet",
                    "email": "louis_ouellet@hotmail.com"
                }
            ],
            "description": "Database Class for PHP",
            "support": {
                "issues": "https://github.com/LouisOuellet/php-database/issues",
                "source": "https://github.com/LouisOuellet/php-database/tree/v2.3.4"
            },
            "time": "2023-04-11T16:29:07+00:00"
        },
        {
            "name": "laswitchtech/php-imap",
            "version": "v2.1.2",
            "source": {
                "type": "git",
                "url": "https://github.com/LouisOuellet/php-imap.git",
                "reference": "89e652186c7399f6be3a2715e84a4e23e2904d98"
            },
            "dist": {
                "type": "zip",
                "url": "https://api.github.com/repos/LouisOuellet/php-imap/zipball/89e652186c7399f6be3a2715e84a4e23e2904d98",
                "reference": "89e652186c7399f6be3a2715e84a4e23e2904d98",
                "shasum": ""
            },
            "require": {
                "laswitchtech/php-configurator": "^1.0",
                "laswitchtech/php-logger": "^1.0",
                "laswitchtech/php-net": "^1.0"
            },
            "type": "library",
            "autoload": {
                "psr-4": {
                    "LaswitchTech\\IMAP\\": "src/"
                }
            },
            "notification-url": "https://packagist.org/downloads/",
            "license": [
                "GPL-3.0-only"
            ],
            "authors": [
                {
                    "name": "Louis Ouellet",
                    "email": "louis_ouellet@hotmail.com"
                }
            ],
            "description": "phpIMAP is a full-featured mailbox management class for PHP",
            "support": {
                "issues": "https://github.com/LouisOuellet/php-imap/issues",
                "source": "https://github.com/LouisOuellet/php-imap/tree/v2.1.2"
            },
            "time": "2023-04-11T16:31:01+00:00"
        },
        {
            "name": "laswitchtech/php-logger",
            "version": "v1.2.6",
            "source": {
                "type": "git",
                "url": "https://github.com/LouisOuellet/php-logger.git",
                "reference": "606a8aebf7e3b5405b01865b423ee3142c42d25c"
            },
            "dist": {
                "type": "zip",
                "url": "https://api.github.com/repos/LouisOuellet/php-logger/zipball/606a8aebf7e3b5405b01865b423ee3142c42d25c",
                "reference": "606a8aebf7e3b5405b01865b423ee3142c42d25c",
                "shasum": ""
            },
            "require": {
                "laswitchtech/php-configurator": "^1.0"
            },
            "type": "library",
            "autoload": {
                "psr-4": {
                    "LaswitchTech\\phpLogger\\": "src/"
                }
            },
            "notification-url": "https://packagist.org/downloads/",
            "license": [
                "GPL-3.0-only"
            ],
            "authors": [
                {
                    "name": "Louis Ouellet",
                    "email": "louis_ouellet@hotmail.com"
                }
            ],
            "description": "Easy to use logging library for PHP",
            "support": {
                "issues": "https://github.com/LouisOuellet/php-logger/issues",
                "source": "https://github.com/LouisOuellet/php-logger/tree/v1.2.6"
            },
            "time": "2023-04-11T16:27:57+00:00"
        },
        {
            "name": "laswitchtech/php-net",
            "version": "v1.1.6",
            "source": {
                "type": "git",
                "url": "https://github.com/LouisOuellet/php-net.git",
                "reference": "874177543f25f2b710296e0e57a1ff6106ce7f0d"
            },
            "dist": {
                "type": "zip",
                "url": "https://api.github.com/repos/LouisOuellet/php-net/zipball/874177543f25f2b710296e0e57a1ff6106ce7f0d",
                "reference": "874177543f25f2b710296e0e57a1ff6106ce7f0d",
                "shasum": ""
            },
            "require": {
                "laswitchtech/php-logger": "^1.1"
            },
            "type": "library",
            "autoload": {
                "psr-4": {
                    "LaswitchTech\\phpNet\\": "src/"
                }
            },
            "notification-url": "https://packagist.org/downloads/",
            "license": [
                "GPL-3.0-only"
            ],
            "authors": [
                {
                    "name": "Louis Ouellet",
                    "email": "louis_ouellet@hotmail.com"
                }
            ],
            "description": "Network Tools Library for PHP",
            "support": {
                "issues": "https://github.com/LouisOuellet/php-net/issues",
                "source": "https://github.com/LouisOuellet/php-net/tree/v1.1.6"
            },
            "time": "2023-04-11T16:28:33+00:00"
        },
        {
            "name": "laswitchtech/php-sms",
            "version": "v1.0.9",
            "source": {
                "type": "git",
                "url": "https://github.com/LouisOuellet/php-sms.git",
                "reference": "a9ef6b3385c888f622b85606449a1ef9d4df5830"
            },
            "dist": {
                "type": "zip",
                "url": "https://api.github.com/repos/LouisOuellet/php-sms/zipball/a9ef6b3385c888f622b85606449a1ef9d4df5830",
                "reference": "a9ef6b3385c888f622b85606449a1ef9d4df5830",
                "shasum": ""
            },
            "require": {
                "laswitchtech/php-configurator": "^1.0",
                "laswitchtech/php-logger": "^1.2"
            },
            "type": "library",
            "autoload": {
                "psr-4": {
                    "LaswitchTech\\phpSMS\\": "src/"
                }
            },
            "notification-url": "https://packagist.org/downloads/",
            "license": [
                "GPL-3.0-only"
            ],
            "authors": [
                {
                    "name": "Louis Ouellet",
                    "email": "louis_ouellet@hotmail.com"
                }
            ],
            "description": "SMS Library for PHP Applications",
            "support": {
                "issues": "https://github.com/LouisOuellet/php-sms/issues",
                "source": "https://github.com/LouisOuellet/php-sms/tree/v1.0.9"
            },
            "time": "2023-04-11T16:31:31+00:00"
        },
        {
            "name": "laswitchtech/php-smtp",
            "version": "v2.1.2",
            "source": {
                "type": "git",
                "url": "https://github.com/LouisOuellet/php-smtp.git",
                "reference": "b0401640fce67436fd92b1762bc503add1510f0f"
            },
            "dist": {
                "type": "zip",
                "url": "https://api.github.com/repos/LouisOuellet/php-smtp/zipball/b0401640fce67436fd92b1762bc503add1510f0f",
                "reference": "b0401640fce67436fd92b1762bc503add1510f0f",
                "shasum": ""
            },
            "require": {
                "laswitchtech/php-configurator": "^1.0",
                "laswitchtech/php-logger": "^1.0",
                "laswitchtech/php-net": "^1.0"
            },
            "type": "library",
            "autoload": {
                "psr-4": {
                    "LaswitchTech\\SMTP\\": "src/"
                }
            },
            "notification-url": "https://packagist.org/downloads/",
            "license": [
                "GPL-3.0-only"
            ],
            "authors": [
                {
                    "name": "Louis Ouellet",
                    "email": "louis_ouellet@hotmail.com"
                }
            ],
            "description": "This PHP SMTP email library provides a simple and easy-to-use solution for sending emails using SMTP servers.",
            "support": {
                "issues": "https://github.com/LouisOuellet/php-smtp/issues",
                "source": "https://github.com/LouisOuellet/php-smtp/tree/v2.1.2"
            },
            "time": "2023-04-11T16:30:29+00:00"
        }
    ],
    "packages-dev": [],
    "aliases": [],
    "minimum-stability": "stable",
    "stability-flags": [],
    "prefer-stable": false,
    "prefer-lowest": false,
    "platform": [],
    "platform-dev": [],
    "plugin-api-version": "2.3.0"
}
